
Microsoft Visual Studio Solution File, Format Version 12.00
# Visual Studio 15
VisualStudioVersion = 15.0.27703.2018
MinimumVisualStudioVersion = 10.0.40219.1
Project("{FAE04EC0-301F-11D3-BF4B-00C04F79EFBC}") = "Site", "Site\Site.csproj", "{F203F718-9769-4A7D-BCDF-891764777164}"
	ProjectSection(ProjectDependencies) = postProject
		{87D3638A-1EB0-4ADF-8387-F2BB0972CBF6} = {87D3638A-1EB0-4ADF-8387-F2BB0972CBF6}
	EndProjectSection
EndProject
Project("{FAE04EC0-301F-11D3-BF4B-00C04F79EFBC}") = "Site.Tests", "Site.Tests\Site.Tests.csproj", "{837AD954-59BF-4915-8D93-863B9489E805}"
EndProject
Project("{00D1A9C2-B5F0-4AF3-8072-F6C62B433612}") = "SiteDB", "SiteDB\SiteDB.sqlproj", "{9679AEC2-2A6D-4798-A0A3-C444EDA54876}"
EndProject
Project("{FAE04EC0-301F-11D3-BF4B-00C04F79EFBC}") = "BrandesBank", "BrandesBank\BrandesBank.csproj", "{87D3638A-1EB0-4ADF-8387-F2BB0972CBF6}"
EndProject
Global
	GlobalSection(SolutionConfigurationPlatforms) = preSolution
		Debug|Any CPU = Debug|Any CPU
		Release|Any CPU = Release|Any CPU
	EndGlobalSection
	GlobalSection(ProjectConfigurationPlatforms) = postSolution
		{F203F718-9769-4A7D-BCDF-891764777164}.Debug|Any CPU.ActiveCfg = Debug|Any CPU
		{F203F718-9769-4A7D-BCDF-891764777164}.Debug|Any CPU.Build.0 = Debug|Any CPU
		{F203F718-9769-4A7D-BCDF-891764777164}.Release|Any CPU.ActiveCfg = Release|Any CPU
		{F203F718-9769-4A7D-BCDF-891764777164}.Release|Any CPU.Build.0 = Release|Any CPU
		{837AD954-59BF-4915-8D93-863B9489E805}.Debug|Any CPU.ActiveCfg = Debug|Any CPU
		{837AD954-59BF-4915-8D93-863B9489E805}.Debug|Any CPU.Build.0 = Debug|Any CPU
		{837AD954-59BF-4915-8D93-863B9489E805}.Release|Any CPU.ActiveCfg = Release|Any CPU
		{837AD954-59BF-4915-8D93-863B9489E805}.Release|Any CPU.Build.0 = Release|Any CPU
		{9679AEC2-2A6D-4798-A0A3-C444EDA54876}.Debug|Any CPU.ActiveCfg = Debug|Any CPU
		{9679AEC2-2A6D-4798-A0A3-C444EDA54876}.Debug|Any CPU.Build.0 = Debug|Any CPU
		{9679AEC2-2A6D-4798-A0A3-C444EDA54876}.Debug|Any CPU.Deploy.0 = Debug|Any CPU
		{9679AEC2-2A6D-4798-A0A3-C444EDA54876}.Release|Any CPU.ActiveCfg = Release|Any CPU
		{9679AEC2-2A6D-4798-A0A3-C444EDA54876}.Release|Any CPU.Build.0 = Release|Any CPU
		{9679AEC2-2A6D-4798-A0A3-C444EDA54876}.Release|Any CPU.Deploy.0 = Release|Any CPU
		{87D3638A-1EB0-4ADF-8387-F2BB0972CBF6}.Debug|Any CPU.ActiveCfg = Debug|Any CPU
		{87D3638A-1EB0-4ADF-8387-F2BB0972CBF6}.Debug|Any CPU.Build.0 = Debug|Any CPU
		{87D3638A-1EB0-4ADF-8387-F2BB0972CBF6}.Release|Any CPU.ActiveCfg = Release|Any CPU
		{87D3638A-1EB0-4ADF-8387-F2BB0972CBF6}.Release|Any CPU.Build.0 = Release|Any CPU
	EndGlobalSection
	GlobalSection(SolutionProperties) = preSolution
		HideSolutionNode = FALSE
	EndGlobalSection
	GlobalSection(ExtensibilityGlobals) = postSolution
		SolutionGuid = {5F928761-6ADB-4D1E-8D17-DBDB792DEE69}
	EndGlobalSection
EndGlobal
